
Microsoft Visual Studio Solution File, Format Version 12.00
# Visual Studio Version 17
VisualStudioVersion = 17.8.34330.188
MinimumVisualStudioVersion = 10.0.40219.1
Project("{FAE04EC0-301F-11D3-BF4B-00C04F79EFBC}") = "SiparisUygulamasi", "SiparisUygulamasi\SiparisUygulamasi.csproj", "{207A48EB-AF49-4C05-BE7D-A4860A7C0CF7}"
EndProject
Global
	GlobalSection(SolutionConfigurationPlatforms) = preSolution
		Debug|Any CPU = Debug|Any CPU
		Release|Any CPU = Release|Any CPU
	EndGlobalSection
	GlobalSection(ProjectConfigurationPlatforms) = postSolution
		{207A48EB-AF49-4C05-BE7D-A4860A7C0CF7}.Debug|Any CPU.ActiveCfg = Debug|Any CPU
		{207A48EB-AF49-4C05-BE7D-A4860A7C0CF7}.Debug|Any CPU.Build.0 = Debug|Any CPU
		{207A48EB-AF49-4C05-BE7D-A4860A7C0CF7}.Release|Any CPU.ActiveCfg = Release|Any CPU
		{207A48EB-AF49-4C05-BE7D-A4860A7C0CF7}.Release|Any CPU.Build.0 = Release|Any CPU
	EndGlobalSection
	GlobalSection(SolutionProperties) = preSolution
		HideSolutionNode = FALSE
	EndGlobalSection
	GlobalSection(ExtensibilityGlobals) = postSolution
		SolutionGuid = {58FD34C2-A0DB-467D-8C4C-8A6C25714715}
	EndGlobalSection
EndGlobal
